
Microsoft Visual Studio Solution File, Format Version 12.00
# Visual Studio Version 16
VisualStudioVersion = 16.0.30804.86
MinimumVisualStudioVersion = 10.0.40219.1
Project("{9A19103F-16F7-4668-BE54-9A1E7A4F7556}") = "SomeLibary", "SomeLibary\SomeLibary.csproj", "{2F66F879-3269-42AA-8CA8-DEF36ED15B0D}"
EndProject
Project("{9A19103F-16F7-4668-BE54-9A1E7A4F7556}") = "SomeLibary.Unit.Test", "SomeLibary.Unit.Test\SomeLibary.Unit.Test.csproj", "{916A052C-FA3D-46F6-81A8-2ACEF39169A7}"
EndProject
Project("{2150E333-8FDC-42A3-9474-1A3956D46DE8}") = "Solution Items", "Solution Items", "{3F7AEB52-C0FE-4E17-A2CC-A3482B8A11D4}"
	ProjectSection(SolutionItems) = preProject
		ReadMe.md = ReadMe.md
	EndProjectSection
EndProject
Global
	GlobalSection(SolutionConfigurationPlatforms) = preSolution
		Debug|Any CPU = Debug|Any CPU
		Release|Any CPU = Release|Any CPU
	EndGlobalSection
	GlobalSection(ProjectConfigurationPlatforms) = postSolution
		{2F66F879-3269-42AA-8CA8-DEF36ED15B0D}.Debug|Any CPU.ActiveCfg = Debug|Any CPU
		{2F66F879-3269-42AA-8CA8-DEF36ED15B0D}.Debug|Any CPU.Build.0 = Debug|Any CPU
		{2F66F879-3269-42AA-8CA8-DEF36ED15B0D}.Release|Any CPU.ActiveCfg = Release|Any CPU
		{2F66F879-3269-42AA-8CA8-DEF36ED15B0D}.Release|Any CPU.Build.0 = Release|Any CPU
		{916A052C-FA3D-46F6-81A8-2ACEF39169A7}.Debug|Any CPU.ActiveCfg = Debug|Any CPU
		{916A052C-FA3D-46F6-81A8-2ACEF39169A7}.Debug|Any CPU.Build.0 = Debug|Any CPU
		{916A052C-FA3D-46F6-81A8-2ACEF39169A7}.Release|Any CPU.ActiveCfg = Release|Any CPU
		{916A052C-FA3D-46F6-81A8-2ACEF39169A7}.Release|Any CPU.Build.0 = Release|Any CPU
	EndGlobalSection
	GlobalSection(SolutionProperties) = preSolution
		HideSolutionNode = FALSE
	EndGlobalSection
	GlobalSection(ExtensibilityGlobals) = postSolution
		SolutionGuid = {BA87F07E-53C8-4868-BA8B-30539E7ECDD9}
	EndGlobalSection
EndGlobal
